// !$*UTF8*$!
{
	archiveVersion = 1;
	classes = {
	};
	objectVersion = 50;
	objects = {

/* Begin PBXBuildFile section */
		3B89902724E1BC6C0080D841 /* AppDelegate.swift in Sources */ = {isa = PBXBuildFile; fileRef = 3B89902624E1BC6C0080D841 /* AppDelegate.swift */; };
		3B89902924E1BC6C0080D841 /* SceneDelegate.swift in Sources */ = {isa = PBXBuildFile; fileRef = 3B89902824E1BC6C0080D841 /* SceneDelegate.swift */; };
		3B89902B24E1BC6C0080D841 /* ViewController.swift in Sources */ = {isa = PBXBuildFile; fileRef = 3B89902A24E1BC6C0080D841 /* ViewController.swift */; };
		3B89902E24E1BC6C0080D841 /* Main.storyboard in Resources */ = {isa = PBXBuildFile; fileRef = 3B89902C24E1BC6C0080D841 /* Main.storyboard */; };
		3B89903024E1BC800080D841 /* Assets.xcassets in Resources */ = {isa = PBXBuildFile; fileRef = 3B89902F24E1BC800080D841 /* Assets.xcassets */; };
		3B89903324E1BC800080D841 /* LaunchScreen.storyboard in Resources */ = {isa = PBXBuildFile; fileRef = 3B89903124E1BC800080D841 /* LaunchScreen.storyboard */; };
		3B89903E24E1BC810080D841 /* SampleCollectionViewTests.swift in Sources */ = {isa = PBXBuildFile; fileRef = 3B89903D24E1BC810080D841 /* SampleCollectionViewTests.swift */; };
		3B89904924E1BC810080D841 /* SampleCollectionViewUITests.swift in Sources */ = {isa = PBXBuildFile; fileRef = 3B89904824E1BC810080D841 /* SampleCollectionViewUITests.swift */; };
		3B89905724E1BD990080D841 /* CollectionViewCell.swift in Sources */ = {isa = PBXBuildFile; fileRef = 3B89905624E1BD990080D841 /* CollectionViewCell.swift */; };
/* End PBXBuildFile section */

/* Begin PBXContainerItemProxy section */
		3B89903A24E1BC810080D841 /* PBXContainerItemProxy */ = {
			isa = PBXContainerItemProxy;
			containerPortal = 3B89901B24E1BC6B0080D841 /* Project object */;
			proxyType = 1;
			remoteGlobalIDString = 3B89902224E1BC6C0080D841;
			remoteInfo = SampleCollectionView;
		};
		3B89904524E1BC810080D841 /* PBXContainerItemProxy */ = {
			isa = PBXContainerItemProxy;
			containerPortal = 3B89901B24E1BC6B0080D841 /* Project object */;
			proxyType = 1;
			remoteGlobalIDString = 3B89902224E1BC6C0080D841;
			remoteInfo = SampleCollectionView;
		};
/* End PBXContainerItemProxy section */

/* Begin PBXFileReference section */
		3B89902324E1BC6C0080D841 /* SampleCollectionView.app */ = {isa = PBXFileReference; explicitFileType = wrapper.application; includeInIndex = 0; path = SampleCollectionView.app; sourceTree = BUILT_PRODUCTS_DIR; };
		3B89902624E1BC6C0080D841 /* AppDelegate.swift */ = {isa = PBXFileReference; lastKnownFileType = sourcecode.swift; path = AppDelegate.swift; sourceTree = "<group>"; };
		3B89902824E1BC6C0080D841 /* SceneDelegate.swift */ = {isa = PBXFileReference; lastKnownFileType = sourcecode.swift; path = SceneDelegate.swift; sourceTree = "<group>"; };
		3B89902A24E1BC6C0080D841 /* ViewController.swift */ = {isa = PBXFileReference; lastKnownFileType = sourcecode.swift; path = ViewController.swift; sourceTree = "<group>"; };
		3B89902D24E1BC6C0080D841 /* Base */ = {isa = PBXFileReference; lastKnownFileType = file.storyboard; name = Base; path = Base.lproj/Main.storyboard; sourceTree = "<group>"; };
		3B89902F24E1BC800080D841 /* Assets.xcassets */ = {isa = PBXFileReference; lastKnownFileType = folder.assetcatalog; path = Assets.xcassets; sourceTree = "<group>"; };
		3B89903224E1BC800080D841 /* Base */ = {isa = PBXFileReference; lastKnownFileType = file.storyboard; name = Base; path = Base.lproj/LaunchScreen.storyboard; sourceTree = "<group>"; };
		3B89903424E1BC800080D841 /* Info.plist */ = {isa = PBXFileReference; lastKnownFileType = text.plist.xml; path = Info.plist; sourceTree = "<group>"; };
		3B89903924E1BC810080D841 /* SampleCollectionViewTests.xctest */ = {isa = PBXFileReference; explicitFileType = wrapper.cfbundle; includeInIndex = 0; path = SampleCollectionViewTests.xctest; sourceTree = BUILT_PRODUCTS_DIR; };
		3B89903D24E1BC810080D841 /* SampleCollectionViewTests.swift */ = {isa = PBXFileReference; lastKnownFileType = sourcecode.swift; path = SampleCollectionViewTests.swift; sourceTree = "<group>"; };
		3B89903F24E1BC810080D841 /* Info.plist */ = {isa = PBXFileReference; lastKnownFileType = text.plist.xml; path = Info.plist; sourceTree = "<group>"; };
		3B89904424E1BC810080D841 /* SampleCollectionViewUITests.xctest */ = {isa = PBXFileReference; explicitFileType = wrapper.cfbundle; includeInIndex = 0; path = SampleCollectionViewUITests.xctest; sourceTree = BUILT_PRODUCTS_DIR; };
		3B89904824E1BC810080D841 /* SampleCollectionViewUITests.swift */ = {isa = PBXFileReference; lastKnownFileType = sourcecode.swift; path = SampleCollectionViewUITests.swift; sourceTree = "<group>"; };
		3B89904A24E1BC810080D841 /* Info.plist */ = {isa = PBXFileReference; lastKnownFileType = text.plist.xml; path = Info.plist; sourceTree = "<group>"; };
		3B89905624E1BD990080D841 /* CollectionViewCell.swift */ = {isa = PBXFileReference; lastKnownFileType = sourcecode.swift; path = CollectionViewCell.swift; sourceTree = "<group>"; };
/* End PBXFileReference section */

/* Begin PBXFrameworksBuildPhase section */
		3B89902024E1BC6C0080D841 /* Frameworks */ = {
			isa = PBXFrameworksBuildPhase;
			buildActionMask = 2147483647;
			files = (
			);
			runOnlyForDeploymentPostprocessing = 0;
		};
		3B89903624E1BC810080D841 /* Frameworks */ = {
			isa = PBXFrameworksBuildPhase;
			buildActionMask = 2147483647;
			files = (
			);
			runOnlyForDeploymentPostprocessing = 0;
		};
		3B89904124E1BC810080D841 /* Frameworks */ = {
			isa = PBXFrameworksBuildPhase;
			buildActionMask = 2147483647;
			files = (
			);
			runOnlyForDeploymentPostprocessing = 0;
		};
/* End PBXFrameworksBuildPhase section */

/* Begin PBXGroup section */
		3B89901A24E1BC6B0080D841 = {
			isa = PBXGroup;
			children = (
				3B89902524E1BC6C0080D841 /* SampleCollectionView */,
				3B89903C24E1BC810080D841 /* SampleCollectionViewTests */,
				3B89904724E1BC810080D841 /* SampleCollectionViewUITests */,
				3B89902424E1BC6C0080D841 /* Products */,
			);
			sourceTree = "<group>";
		};
		3B89902424E1BC6C0080D841 /* Products */ = {
			isa = PBXGroup;
			children = (
				3B89902324E1BC6C0080D841 /* SampleCollectionView.app */,
				3B89903924E1BC810080D841 /* SampleCollectionViewTests.xctest */,
				3B89904424E1BC810080D841 /* SampleCollectionViewUITests.xctest */,
			);
			name = Products;
			sourceTree = "<group>";
		};
		3B89902524E1BC6C0080D841 /* SampleCollectionView */ = {
			isa = PBXGroup;
			children = (
				3B89902624E1BC6C0080D841 /* AppDelegate.swift */,
				3B89902824E1BC6C0080D841 /* SceneDelegate.swift */,
				3B89902A24E1BC6C0080D841 /* ViewController.swift */,
				3B89905624E1BD990080D841 /* CollectionViewCell.swift */,
				3B89902C24E1BC6C0080D841 /* Main.storyboard */,
				3B89902F24E1BC800080D841 /* Assets.xcassets */,
				3B89903124E1BC800080D841 /* LaunchScreen.storyboard */,
				3B89903424E1BC800080D841 /* Info.plist */,
			);
			path = SampleCollectionView;
			sourceTree = "<group>";
		};
		3B89903C24E1BC810080D841 /* SampleCollectionViewTests */ = {
			isa = PBXGroup;
			children = (
				3B89903D24E1BC810080D841 /* SampleCollectionViewTests.swift */,
				3B89903F24E1BC810080D841 /* Info.plist */,
			);
			path = SampleCollectionViewTests;
			sourceTree = "<group>";
		};
		3B89904724E1BC810080D841 /* SampleCollectionViewUITests */ = {
			isa = PBXGroup;
			children = (
				3B89904824E1BC810080D841 /* SampleCollectionViewUITests.swift */,
				3B89904A24E1BC810080D841 /* Info.plist */,
			);
			path = SampleCollectionViewUITests;
			sourceTree = "<group>";
		};
/* End PBXGroup section */

/* Begin PBXNativeTarget section */
		3B89902224E1BC6C0080D841 /* SampleCollectionView */ = {
			isa = PBXNativeTarget;
			buildConfigurationList = 3B89904D24E1BC820080D841 /* Build configuration list for PBXNativeTarget "SampleCollectionView" */;
			buildPhases = (
				3B89901F24E1BC6C0080D841 /* Sources */,
				3B89902024E1BC6C0080D841 /* Frameworks */,
				3B89902124E1BC6C0080D841 /* Resources */,
			);
			buildRules = (
			);
			dependencies = (
			);
			name = SampleCollectionView;
			productName = SampleCollectionView;
			productReference = 3B89902324E1BC6C0080D841 /* SampleCollectionView.app */;
			productType = "com.apple.product-type.application";
		};
		3B89903824E1BC810080D841 /* SampleCollectionViewTests */ = {
			isa = PBXNativeTarget;
			buildConfigurationList = 3B89905024E1BC820080D841 /* Build configuration list for PBXNativeTarget "SampleCollectionViewTests" */;
			buildPhases = (
				3B89903524E1BC810080D841 /* Sources */,
				3B89903624E1BC810080D841 /* Frameworks */,
				3B89903724E1BC810080D841 /* Resources */,
			);
			buildRules = (
			);
			dependencies = (
				3B89903B24E1BC810080D841 /* PBXTargetDependency */,
			);
			name = SampleCollectionViewTests;
			productName = SampleCollectionViewTests;
			productReference = 3B89903924E1BC810080D841 /* SampleCollectionViewTests.xctest */;
			productType = "com.apple.product-type.bundle.unit-test";
		};
		3B89904324E1BC810080D841 /* SampleCollectionViewUITests */ = {
			isa = PBXNativeTarget;
			buildConfigurationList = 3B89905324E1BC820080D841 /* Build configuration list for PBXNativeTarget "SampleCollectionViewUITests" */;
			buildPhases = (
				3B89904024E1BC810080D841 /* Sources */,
				3B89904124E1BC810080D841 /* Frameworks */,
				3B89904224E1BC810080D841 /* Resources */,
			);
			buildRules = (
			);
			dependencies = (
				3B89904624E1BC810080D841 /* PBXTargetDependency */,
			);
			name = SampleCollectionViewUITests;
			productName = SampleCollectionViewUITests;
			productReference = 3B89904424E1BC810080D841 /* SampleCollectionViewUITests.xctest */;
			productType = "com.apple.product-type.bundle.ui-testing";
		};
/* End PBXNativeTarget section */

/* Begin PBXProject section */
		3B89901B24E1BC6B0080D841 /* Project object */ = {
			isa = PBXProject;
			attributes = {
				LastSwiftUpdateCheck = 1160;
				LastUpgradeCheck = 1160;
				ORGANIZATIONNAME = "Karthik Rajan T ";
				TargetAttributes = {
					3B89902224E1BC6C0080D841 = {
						CreatedOnToolsVersion = 11.6;
					};
					3B89903824E1BC810080D841 = {
						CreatedOnToolsVersion = 11.6;
						TestTargetID = 3B89902224E1BC6C0080D841;
					};
					3B89904324E1BC810080D841 = {
						CreatedOnToolsVersion = 11.6;
						TestTargetID = 3B89902224E1BC6C0080D841;
					};
				};
			};
			buildConfigurationList = 3B89901E24E1BC6C0080D841 /* Build configuration list for PBXProject "SampleCollectionView" */;
			compatibilityVersion = "Xcode 9.3";
			developmentRegion = en;
			hasScannedForEncodings = 0;
			knownRegions = (
				en,
				Base,
			);
			mainGroup = 3B89901A24E1BC6B0080D841;
			productRefGroup = 3B89902424E1BC6C0080D841 /* Products */;
			projectDirPath = "";
			projectRoot = "";
			targets = (
				3B89902224E1BC6C0080D841 /* SampleCollectionView */,
				3B89903824E1BC810080D841 /* SampleCollectionViewTests */,
				3B89904324E1BC810080D841 /* SampleCollectionViewUITests */,
			);
		};
/* End PBXProject section */

/* Begin PBXResourcesBuildPhase section */
		3B89902124E1BC6C0080D841 /* Resources */ = {
			isa = PBXResourcesBuildPhase;
			buildActionMask = 2147483647;
			files = (
				3B89903324E1BC800080D841 /* LaunchScreen.storyboard in Resources */,
				3B89903024E1BC800080D841 /* Assets.xcassets in Resources */,
				3B89902E24E1BC6C0080D841 /* Main.storyboard in Resources */,
			);
			runOnlyForDeploymentPostprocessing = 0;
		};
		3B89903724E1BC810080D841 /* Resources */ = {
			isa = PBXResourcesBuildPhase;
			buildActionMask = 2147483647;
			files = (
			);
			runOnlyForDeploymentPostprocessing = 0;
		};
		3B89904224E1BC810080D841 /* Resources */ = {
			isa = PBXResourcesBuildPhase;
			buildActionMask = 2147483647;
			files = (
			);
			runOnlyForDeploymentPostprocessing = 0;
		};
/* End PBXResourcesBuildPhase section */

/* Begin PBXSourcesBuildPhase section */
		3B89901F24E1BC6C0080D841 /* Sources */ = {
			isa = PBXSourcesBuildPhase;
			buildActionMask = 2147483647;
			files = (
				3B89902B24E1BC6C0080D841 /* ViewController.swift in Sources */,
				3B89902724E1BC6C0080D841 /* AppDelegate.swift in Sources */,
				3B89905724E1BD990080D841 /* CollectionViewCell.swift in Sources */,
				3B89902924E1BC6C0080D841 /* SceneDelegate.swift in Sources */,
			);
			runOnlyForDeploymentPostprocessing = 0;
		};
		3B89903524E1BC810080D841 /* Sources */ = {
			isa = PBXSourcesBuildPhase;
			buildActionMask = 2147483647;
			files = (
				3B89903E24E1BC810080D841 /* SampleCollectionViewTests.swift in Sources */,
			);
			runOnlyForDeploymentPostprocessing = 0;
		};
		3B89904024E1BC810080D841 /* Sources */ = {
			isa = PBXSourcesBuildPhase;
			buildActionMask = 2147483647;
			files = (
				3B89904924E1BC810080D841 /* SampleCollectionViewUITests.swift in Sources */,
			);
			runOnlyForDeploymentPostprocessing = 0;
		};
/* End PBXSourcesBuildPhase section */

/* Begin PBXTargetDependency section */
		3B89903B24E1BC810080D841 /* PBXTargetDependency */ = {
			isa = PBXTargetDependency;
			target = 3B89902224E1BC6C0080D841 /* SampleCollectionView */;
			targetProxy = 3B89903A24E1BC810080D841 /* PBXContainerItemProxy */;
		};
		3B89904624E1BC810080D841 /* PBXTargetDependency */ = {
			isa = PBXTargetDependency;
			target = 3B89902224E1BC6C0080D841 /* SampleCollectionView */;
			targetProxy = 3B89904524E1BC810080D841 /* PBXContainerItemProxy */;
		};
/* End PBXTargetDependency section */

/* Begin PBXVariantGroup section */
		3B89902C24E1BC6C0080D841 /* Main.storyboard */ = {
			isa = PBXVariantGroup;
			children = (
				3B89902D24E1BC6C0080D841 /* Base */,
			);
			name = Main.storyboard;
			sourceTree = "<group>";
		};
		3B89903124E1BC800080D841 /* LaunchScreen.storyboard */ = {
			isa = PBXVariantGroup;
			children = (
				3B89903224E1BC800080D841 /* Base */,
			);
			name = LaunchScreen.storyboard;
			sourceTree = "<group>";
		};
/* End PBXVariantGroup section */

/* Begin XCBuildConfiguration section */
		3B89904B24E1BC810080D841 /* Debug */ = {
			isa = XCBuildConfiguration;
			buildSettings = {
				ALWAYS_SEARCH_USER_PATHS = NO;
				CLANG_ANALYZER_NONNULL = YES;
				CLANG_ANALYZER_NUMBER_OBJECT_CONVERSION = YES_AGGRESSIVE;
				CLANG_CXX_LANGUAGE_STANDARD = "gnu++14";
				CLANG_CXX_LIBRARY = "libc++";
				CLANG_ENABLE_MODULES = YES;
				CLANG_ENABLE_OBJC_ARC = YES;
				CLANG_ENABLE_OBJC_WEAK = YES;
				CLANG_WARN_BLOCK_CAPTURE_AUTORELEASING = YES;
				CLANG_WARN_BOOL_CONVERSION = YES;
				CLANG_WARN_COMMA = YES;
				CLANG_WARN_CONSTANT_CONVERSION = YES;
				CLANG_WARN_DEPRECATED_OBJC_IMPLEMENTATIONS = YES;
				CLANG_WARN_DIRECT_OBJC_ISA_USAGE = YES_ERROR;
				CLANG_WARN_DOCUMENTATION_COMMENTS = YES;
				CLANG_WARN_EMPTY_BODY = YES;
				CLANG_WARN_ENUM_CONVERSION = YES;
				CLANG_WARN_INFINITE_RECURSION = YES;
				CLANG_WARN_INT_CONVERSION = YES;
				CLANG_WARN_NON_LITERAL_NULL_CONVERSION = YES;
				CLANG_WARN_OBJC_IMPLICIT_RETAIN_SELF = YES;
				CLANG_WARN_OBJC_LITERAL_CONVERSION = YES;
				CLANG_WARN_OBJC_ROOT_CLASS = YES_ERROR;
				CLANG_WARN_RANGE_LOOP_ANALYSIS = YES;
				CLANG_WARN_STRICT_PROTOTYPES = YES;
				CLANG_WARN_SUSPICIOUS_MOVE = YES;
				CLANG_WARN_UNGUARDED_AVAILABILITY = YES_AGGRESSIVE;
				CLANG_WARN_UNREACHABLE_CODE = YES;
				CLANG_WARN__DUPLICATE_METHOD_MATCH = YES;
				COPY_PHASE_STRIP = NO;
				DEBUG_INFORMATION_FORMAT = dwarf;
				ENABLE_STRICT_OBJC_MSGSEND = YES;
				ENABLE_TESTABILITY = YES;
				GCC_C_LANGUAGE_STANDARD = gnu11;
				GCC_DYNAMIC_NO_PIC = NO;
				GCC_NO_COMMON_BLOCKS = YES;
				GCC_OPTIMIZATION_LEVEL = 0;
				GCC_PREPROCESSOR_DEFINITIONS = (
					"DEBUG=1",
					"$(inherited)",
				);
				GCC_WARN_64_TO_32_BIT_CONVERSION = YES;
				GCC_WARN_ABOUT_RETURN_TYPE = YES_ERROR;
				GCC_WARN_UNDECLARED_SELECTOR = YES;
				GCC_WARN_UNINITIALIZED_AUTOS = YES_AGGRESSIVE;
				GCC_WARN_UNUSED_FUNCTION = YES;
				GCC_WARN_UNUSED_VARIABLE = YES;
				IPHONEOS_DEPLOYMENT_TARGET = 13.6;
				MTL_ENABLE_DEBUG_INFO = INCLUDE_SOURCE;
				MTL_FAST_MATH = YES;
				ONLY_ACTIVE_ARCH = YES;
				SDKROOT = iphoneos;
				SWIFT_ACTIVE_COMPILATION_CONDITIONS = DEBUG;
				SWIFT_OPTIMIZATION_LEVEL = "-Onone";
			};
			name = Debug;
		};
		3B89904C24E1BC810080D841 /* Release */ = {
			isa = XCBuildConfiguration;
			buildSettings = {
				ALWAYS_SEARCH_USER_PATHS = NO;
				CLANG_ANALYZER_NONNULL = YES;
				CLANG_ANALYZER_NUMBER_OBJECT_CONVERSION = YES_AGGRESSIVE;
				CLANG_CXX_LANGUAGE_STANDARD = "gnu++14";
				CLANG_CXX_LIBRARY = "libc++";
				CLANG_ENABLE_MODULES = YES;
				CLANG_ENABLE_OBJC_ARC = YES;
				CLANG_ENABLE_OBJC_WEAK = YES;
				CLANG_WARN_BLOCK_CAPTURE_AUTORELEASING = YES;
				CLANG_WARN_BOOL_CONVERSION = YES;
				CLANG_WARN_COMMA = YES;
				CLANG_WARN_CONSTANT_CONVERSION = YES;
				CLANG_WARN_DEPRECATED_OBJC_IMPLEMENTATIONS = YES;
				CLANG_WARN_DIRECT_OBJC_ISA_USAGE = YES_ERROR;
				CLANG_WARN_DOCUMENTATION_COMMENTS = YES;
				CLANG_WARN_EMPTY_BODY = YES;
				CLANG_WARN_ENUM_CONVERSION = YES;
				CLANG_WARN_INFINITE_RECURSION = YES;
				CLANG_WARN_INT_CONVERSION = YES;
				CLANG_WARN_NON_LITERAL_NULL_CONVERSION = YES;
				CLANG_WARN_OBJC_IMPLICIT_RETAIN_SELF = YES;
				CLANG_WARN_OBJC_LITERAL_CONVERSION = YES;
				CLANG_WARN_OBJC_ROOT_CLASS = YES_ERROR;
				CLANG_WARN_RANGE_LOOP_ANALYSIS = YES;
				CLANG_WARN_STRICT_PROTOTYPES = YES;
				CLANG_WARN_SUSPICIOUS_MOVE = YES;
				CLANG_WARN_UNGUARDED_AVAILABILITY = YES_AGGRESSIVE;
				CLANG_WARN_UNREACHABLE_CODE = YES;
				CLANG_WARN__DUPLICATE_METHOD_MATCH = YES;
				COPY_PHASE_STRIP = NO;
				DEBUG_INFORMATION_FORMAT = "dwarf-with-dsym";
				ENABLE_NS_ASSERTIONS = NO;
				ENABLE_STRICT_OBJC_MSGSEND = YES;
				GCC_C_LANGUAGE_STANDARD = gnu11;
				GCC_NO_COMMON_BLOCKS = YES;
				GCC_WARN_64_TO_32_BIT_CONVERSION = YES;
				GCC_WARN_ABOUT_RETURN_TYPE = YES_ERROR;
				GCC_WARN_UNDECLARED_SELECTOR = YES;
				GCC_WARN_UNINITIALIZED_AUTOS = YES_AGGRESSIVE;
				GCC_WARN_UNUSED_FUNCTION = YES;
				GCC_WARN_UNUSED_VARIABLE = YES;
				IPHONEOS_DEPLOYMENT_TARGET = 13.6;
				MTL_ENABLE_DEBUG_INFO = NO;
				MTL_FAST_MATH = YES;
				SDKROOT = iphoneos;
				SWIFT_COMPILATION_MODE = wholemodule;
				SWIFT_OPTIMIZATION_LEVEL = "-O";
				VALIDATE_PRODUCT = YES;
			};
			name = Release;
		};
		3B89904E24E1BC820080D841 /* Debug */ = {
			isa = XCBuildConfiguration;
			buildSettings = {
				ASSETCATALOG_COMPILER_APPICON_NAME = AppIcon;
				CODE_SIGN_STYLE = Automatic;
				INFOPLIST_FILE = SampleCollectionView/Info.plist;
				LD_RUNPATH_SEARCH_PATHS = (
					"$(inherited)",
					"@executable_path/Frameworks",
				);
				PRODUCT_BUNDLE_IDENTIFIER = com.sparkout.SampleCollectionView;
				PRODUCT_NAME = "$(TARGET_NAME)";
				SWIFT_VERSION = 5.0;
				TARGETED_DEVICE_FAMILY = "1,2";
			};
			name = Debug;
		};
		3B89904F24E1BC820080D841 /* Release */ = {
			isa = XCBuildConfiguration;
			buildSettings = {
				ASSETCATALOG_COMPILER_APPICON_NAME = AppIcon;
				CODE_SIGN_STYLE = Automatic;
				INFOPLIST_FILE = SampleCollectionView/Info.plist;
				LD_RUNPATH_SEARCH_PATHS = (
					"$(inherited)",
					"@executable_path/Frameworks",
				);
				PRODUCT_BUNDLE_IDENTIFIER = com.sparkout.SampleCollectionView;
				PRODUCT_NAME = "$(TARGET_NAME)";
				SWIFT_VERSION = 5.0;
				TARGETED_DEVICE_FAMILY = "1,2";
			};
			name = Release;
		};
		3B89905124E1BC820080D841 /* Debug */ = {
			isa = XCBuildConfiguration;
			buildSettings = {
				ALWAYS_EMBED_SWIFT_STANDARD_LIBRARIES = YES;
				BUNDLE_LOADER = "$(TEST_HOST)";
				CODE_SIGN_STYLE = Automatic;
				INFOPLIST_FILE = SampleCollectionViewTests/Info.plist;
				IPHONEOS_DEPLOYMENT_TARGET = 13.6;
				LD_RUNPATH_SEARCH_PATHS = (
					"$(inherited)",
					"@executable_path/Frameworks",
					"@loader_path/Frameworks",
				);
				PRODUCT_BUNDLE_IDENTIFIER = com.sparkout.SampleCollectionViewTests;
				PRODUCT_NAME = "$(TARGET_NAME)";
				SWIFT_VERSION = 5.0;
				TARGETED_DEVICE_FAMILY = "1,2";
				TEST_HOST = "$(BUILT_PRODUCTS_DIR)/SampleCollectionView.app/SampleCollectionView";
			};
			name = Debug;
		};
		3B89905224E1BC820080D841 /* Release */ = {
			isa = XCBuildConfiguration;
			buildSettings = {
				ALWAYS_EMBED_SWIFT_STANDARD_LIBRARIES = YES;
				BUNDLE_LOADER = "$(TEST_HOST)";
				CODE_SIGN_STYLE = Automatic;
				INFOPLIST_FILE = SampleCollectionViewTests/Info.plist;
				IPHONEOS_DEPLOYMENT_TARGET = 13.6;
				LD_RUNPATH_SEARCH_PATHS = (
					"$(inherited)",
					"@executable_path/Frameworks",
					"@loader_path/Frameworks",
				);
				PRODUCT_BUNDLE_IDENTIFIER = com.sparkout.SampleCollectionViewTests;
				PRODUCT_NAME = "$(TARGET_NAME)";
				SWIFT_VERSION = 5.0;
				TARGETED_DEVICE_FAMILY = "1,2";
				TEST_HOST = "$(BUILT_PRODUCTS_DIR)/SampleCollectionView.app/SampleCollectionView";
			};
			name = Release;
		};
		3B89905424E1BC820080D841 /* Debug */ = {
			isa = XCBuildConfiguration;
			buildSettings = {
				ALWAYS_EMBED_SWIFT_STANDARD_LIBRARIES = YES;
				CODE_SIGN_STYLE = Automatic;
				INFOPLIST_FILE = SampleCollectionViewUITests/Info.plist;
				LD_RUNPATH_SEARCH_PATHS = (
					"$(inherited)",
					"@executable_path/Frameworks",
					"@loader_path/Frameworks",
				);
				PRODUCT_BUNDLE_IDENTIFIER = com.sparkout.SampleCollectionViewUITests;
				PRODUCT_NAME = "$(TARGET_NAME)";
				SWIFT_VERSION = 5.0;
				TARGETED_DEVICE_FAMILY = "1,2";
				TEST_TARGET_NAME = SampleCollectionView;
			};
			name = Debug;
		};
		3B89905524E1BC820080D841 /* Release */ = {
			isa = XCBuildConfiguration;
			buildSettings = {
				ALWAYS_EMBED_SWIFT_STANDARD_LIBRARIES = YES;
				CODE_SIGN_STYLE = Automatic;
				INFOPLIST_FILE = SampleCollectionViewUITests/Info.plist;
				LD_RUNPATH_SEARCH_PATHS = (
					"$(inherited)",
					"@executable_path/Frameworks",
					"@loader_path/Frameworks",
				);
				PRODUCT_BUNDLE_IDENTIFIER = com.sparkout.SampleCollectionViewUITests;
				PRODUCT_NAME = "$(TARGET_NAME)";
				SWIFT_VERSION = 5.0;
				TARGETED_DEVICE_FAMILY = "1,2";
				TEST_TARGET_NAME = SampleCollectionView;
			};
			name = Release;
		};
/* End XCBuildConfiguration section */

/* Begin XCConfigurationList section */
		3B89901E24E1BC6C0080D841 /* Build configuration list for PBXProject "SampleCollectionView" */ = {
			isa = XCConfigurationList;
			buildConfigurations = (
				3B89904B24E1BC810080D841 /* Debug */,
				3B89904C24E1BC810080D841 /* Release */,
			);
			defaultConfigurationIsVisible = 0;
			defaultConfigurationName = Release;
		};
		3B89904D24E1BC820080D841 /* Build configuration list for PBXNativeTarget "SampleCollectionView" */ = {
			isa = XCConfigurationList;
			buildConfigurations = (
				3B89904E24E1BC820080D841 /* Debug */,
				3B89904F24E1BC820080D841 /* Release */,
			);
			defaultConfigurationIsVisible = 0;
			defaultConfigurationName = Release;
		};
		3B89905024E1BC820080D841 /* Build configuration list for PBXNativeTarget "SampleCollectionViewTests" */ = {
			isa = XCConfigurationList;
			buildConfigurations = (
				3B89905124E1BC820080D841 /* Debug */,
				3B89905224E1BC820080D841 /* Release */,
			);
			defaultConfigurationIsVisible = 0;
			defaultConfigurationName = Release;
		};
		3B89905324E1BC820080D841 /* Build configuration list for PBXNativeTarget "SampleCollectionViewUITests" */ = {
			isa = XCConfigurationList;
			buildConfigurations = (
				3B89905424E1BC820080D841 /* Debug */,
				3B89905524E1BC820080D841 /* Release */,
			);
			defaultConfigurationIsVisible = 0;
			defaultConfigurationName = Release;
		};
/* End XCConfigurationList section */
	};
	rootObject = 3B89901B24E1BC6B0080D841 /* Project object */;
}
